
Microsoft Visual Studio Solution File, Format Version 12.00
# Visual Studio 2013
Project("{FAE04EC0-301F-11D3-BF4B-00C04F79EFBC}") = "UnityVS.StarGame.CSharp", "UnityVS.StarGame.CSharp.csproj", "{88912859-0144-C072-A3D5-2B23B2C22EAC}"
EndProject
Project("{FAE04EC0-301F-11D3-BF4B-00C04F79EFBC}") = "UnityVS.StarGame.CSharp.Editor", "UnityVS.StarGame.CSharp.Editor.csproj", "{8AC3D87A-076A-459E-952D-E866D48DC461}"
EndProject
Global
	GlobalSection(SolutionConfigurationPlatforms) = preSolution
		Debug|Any CPU = Debug|Any CPU
		Release|Any CPU = Release|Any CPU
	EndGlobalSection
	GlobalSection(ProjectConfigurationPlatforms) = postSolution
		{88912859-0144-C072-A3D5-2B23B2C22EAC}.Debug|Any CPU.ActiveCfg = Debug|Any CPU
		{88912859-0144-C072-A3D5-2B23B2C22EAC}.Debug|Any CPU.Build.0 = Debug|Any CPU
		{88912859-0144-C072-A3D5-2B23B2C22EAC}.Release|Any CPU.ActiveCfg = Release|Any CPU
		{88912859-0144-C072-A3D5-2B23B2C22EAC}.Release|Any CPU.Build.0 = Release|Any CPU
		{8AC3D87A-076A-459E-952D-E866D48DC461}.Debug|Any CPU.ActiveCfg = Debug|Any CPU
		{8AC3D87A-076A-459E-952D-E866D48DC461}.Debug|Any CPU.Build.0 = Debug|Any CPU
		{8AC3D87A-076A-459E-952D-E866D48DC461}.Release|Any CPU.ActiveCfg = Release|Any CPU
		{8AC3D87A-076A-459E-952D-E866D48DC461}.Release|Any CPU.Build.0 = Release|Any CPU
	EndGlobalSection
	GlobalSection(SolutionProperties) = preSolution
		HideSolutionNode = FALSE
	EndGlobalSection
EndGlobal
